// !$*UTF8*$!
{
	archiveVersion = 1;
	classes = {
	};
	objectVersion = 77;
	objects = {

/* Begin PBXBuildFile section */
		CAFEAA000000000000000002 /* UNESKit in Frameworks */ = {isa = PBXBuildFile; productRef = CAFEAA000000000000000001 /* UNESKit */; };
		CAFEAA000000000000000012 /* UNESKit in Frameworks */ = {isa = PBXBuildFile; productRef = CAFEAA000000000000000011 /* UNESKit */; };
		CAFEAA00000000000000001F /* UNESWatchWidgets.appex in Embed Foundation Extensions */ = {isa = PBXBuildFile; fileRef = CAFEAA000000000000000013 /* UNESWatchWidgets.appex */; settings = {ATTRIBUTES = (RemoveHeadersOnCopy, ); }; };
		CAFEAA000000000000000023 /* UNESWatch.app in Embed Watch Content */ = {isa = PBXBuildFile; fileRef = CAFEAA000000000000000003 /* UNESWatch.app */; settings = {ATTRIBUTES = (RemoveHeadersOnCopy, ); }; };
		CAFEAA000000000000000027 /* FirebaseCore in Frameworks */ = {isa = PBXBuildFile; productRef = CAFEAA000000000000000026 /* FirebaseCore */; };
		CAFEAA000000000000000029 /* FirebaseCrashlytics in Frameworks */ = {isa = PBXBuildFile; productRef = CAFEAA000000000000000028 /* FirebaseCrashlytics */; };
		CAFECAFE0000000000000003 /* UNESKit in Frameworks */ = {isa = PBXBuildFile; productRef = CAFECAFE0000000000000002 /* UNESKit */; };
		CAFECAFE0000000000000006 /* UNESKit in Frameworks */ = {isa = PBXBuildFile; productRef = CAFECAFE0000000000000005 /* UNESKit */; };
		CAFECAFE0000000000000014 /* UNESWidgets.appex in Embed Foundation Extensions */ = {isa = PBXBuildFile; fileRef = CAFECAFE0000000000000007 /* UNESWidgets.appex */; settings = {ATTRIBUTES = (RemoveHeadersOnCopy, ); }; };
		CAFEFB0000000000000000A2 /* FirebaseCore in Frameworks */ = {isa = PBXBuildFile; productRef = CAFEFB0000000000000000A1 /* FirebaseCore */; };
		CAFEFB0000000000000000A4 /* FirebaseCrashlytics in Frameworks */ = {isa = PBXBuildFile; productRef = CAFEFB0000000000000000A3 /* FirebaseCrashlytics */; };
		CAFEFB0000000000000000A6 /* FirebaseMessaging in Frameworks */ = {isa = PBXBuildFile; productRef = CAFEFB0000000000000000A5 /* FirebaseMessaging */; };
		CAFEFB0000000000000000AA /* FirebaseRemoteConfig in Frameworks */ = {isa = PBXBuildFile; productRef = CAFEFB0000000000000000A9 /* FirebaseRemoteConfig */; };
/* End PBXBuildFile section */

/* Begin PBXContainerItemProxy section */
		CAFEAA00000000000000001D /* PBXContainerItemProxy */ = {
			isa = PBXContainerItemProxy;
			containerPortal = 6CF5E0F32FF5A43F00953BC4 /* Project object */;
			proxyType = 1;
			remoteGlobalIDString = CAFEAA00000000000000001C;
			remoteInfo = UNESWatchWidgets;
		};
		CAFEAA000000000000000021 /* PBXContainerItemProxy */ = {
			isa = PBXContainerItemProxy;
			containerPortal = 6CF5E0F32FF5A43F00953BC4 /* Project object */;
			proxyType = 1;
			remoteGlobalIDString = CAFEAA00000000000000000C;
			remoteInfo = UNESWatch;
		};
		CAFECAFE0000000000000011 /* PBXContainerItemProxy */ = {
			isa = PBXContainerItemProxy;
			containerPortal = 6CF5E0F32FF5A43F00953BC4 /* Project object */;
			proxyType = 1;
			remoteGlobalIDString = CAFECAFE000000000000000A;
			remoteInfo = UNESWidgets;
		};
/* End PBXContainerItemProxy section */

/* Begin PBXCopyFilesBuildPhase section */
		CAFEAA000000000000000020 /* Embed Foundation Extensions */ = {
			isa = PBXCopyFilesBuildPhase;
			buildActionMask = 2147483647;
			dstPath = "";
			dstSubfolderSpec = 13;
			files = (
				CAFEAA00000000000000001F /* UNESWatchWidgets.appex in Embed Foundation Extensions */,
			);
			name = "Embed Foundation Extensions";
			runOnlyForDeploymentPostprocessing = 0;
		};
		CAFEAA000000000000000024 /* Embed Watch Content */ = {
			isa = PBXCopyFilesBuildPhase;
			buildActionMask = 2147483647;
			dstPath = "$(CONTENTS_FOLDER_PATH)/Watch";
			dstSubfolderSpec = 16;
			files = (
				CAFEAA000000000000000023 /* UNESWatch.app in Embed Watch Content */,
			);
			name = "Embed Watch Content";
			runOnlyForDeploymentPostprocessing = 0;
		};
		CAFECAFE0000000000000013 /* Embed Foundation Extensions */ = {
			isa = PBXCopyFilesBuildPhase;
			buildActionMask = 2147483647;
			dstPath = "";
			dstSubfolderSpec = 13;
			files = (
				CAFECAFE0000000000000014 /* UNESWidgets.appex in Embed Foundation Extensions */,
			);
			name = "Embed Foundation Extensions";
			runOnlyForDeploymentPostprocessing = 0;
		};
/* End PBXCopyFilesBuildPhase section */

/* Begin PBXFileReference section */
		6CF5E0FB2FF5A43F00953BC4 /* UNES.app */ = {isa = PBXFileReference; explicitFileType = wrapper.application; includeInIndex = 0; path = UNES.app; sourceTree = BUILT_PRODUCTS_DIR; };
		CAFEAA000000000000000003 /* UNESWatch.app */ = {isa = PBXFileReference; explicitFileType = wrapper.application; includeInIndex = 0; path = UNESWatch.app; sourceTree = BUILT_PRODUCTS_DIR; };
		CAFEAA000000000000000013 /* UNESWatchWidgets.appex */ = {isa = PBXFileReference; explicitFileType = "wrapper.app-extension"; includeInIndex = 0; path = UNESWatchWidgets.appex; sourceTree = BUILT_PRODUCTS_DIR; };
		CAFECAFE0000000000000004 /* UNESKit */ = {isa = PBXFileReference; lastKnownFileType = folder; path = UNESKit; sourceTree = SOURCE_ROOT; };
		CAFECAFE0000000000000007 /* UNESWidgets.appex */ = {isa = PBXFileReference; explicitFileType = "wrapper.app-extension"; includeInIndex = 0; path = UNESWidgets.appex; sourceTree = BUILT_PRODUCTS_DIR; };
/* End PBXFileReference section */

/* Begin PBXFileSystemSynchronizedBuildFileExceptionSet section */
		CAFEAA000000000000000005 /* Exceptions for "UNESWatch" folder in "UNESWatch" target */ = {
			isa = PBXFileSystemSynchronizedBuildFileExceptionSet;
			membershipExceptions = (
				Info.plist,
			);
			target = CAFEAA00000000000000000C /* UNESWatch */;
		};
		CAFEAA000000000000000015 /* Exceptions for "UNESWatchWidgets" folder in "UNESWatchWidgets" target */ = {
			isa = PBXFileSystemSynchronizedBuildFileExceptionSet;
			membershipExceptions = (
				Info.plist,
			);
			target = CAFEAA00000000000000001C /* UNESWatchWidgets */;
		};
		CAFEAA000000000000000025 /* Exceptions for "UNES" folder in "UNESWatch" target */ = {
			isa = PBXFileSystemSynchronizedBuildFileExceptionSet;
			membershipExceptions = (
				AppIcons/Aurora.icon,
			);
			target = CAFEAA00000000000000000C /* UNESWatch */;
		};
		CAFECAFE0000000000000009 /* Exceptions for "UNESWidgets" folder in "UNESWidgets" target */ = {
			isa = PBXFileSystemSynchronizedBuildFileExceptionSet;
			membershipExceptions = (
				Info.plist,
			);
			target = CAFECAFE000000000000000A /* UNESWidgets */;
		};
		CAFEFB0000000000000000A8 /* Exceptions for "UNES" folder in "UNES" target */ = {
			isa = PBXFileSystemSynchronizedBuildFileExceptionSet;
			membershipExceptions = (
				Info.plist,
			);
			target = 6CF5E0FA2FF5A43F00953BC4 /* UNES */;
		};
/* End PBXFileSystemSynchronizedBuildFileExceptionSet section */

/* Begin PBXFileSystemSynchronizedRootGroup section */
		6CF5E0FD2FF5A43F00953BC4 /* UNES */ = {
			isa = PBXFileSystemSynchronizedRootGroup;
			exceptions = (
				CAFEFB0000000000000000A8 /* Exceptions for "UNES" folder in "UNES" target */,
				CAFEAA000000000000000025 /* Exceptions for "UNES" folder in "UNESWatch" target */,
			);
			path = UNES;
			sourceTree = "<group>";
		};
		CAFEAA000000000000000004 /* UNESWatch */ = {
			isa = PBXFileSystemSynchronizedRootGroup;
			exceptions = (
				CAFEAA000000000000000005 /* Exceptions for "UNESWatch" folder in "UNESWatch" target */,
			);
			path = UNESWatch;
			sourceTree = "<group>";
		};
		CAFEAA000000000000000014 /* UNESWatchWidgets */ = {
			isa = PBXFileSystemSynchronizedRootGroup;
			exceptions = (
				CAFEAA000000000000000015 /* Exceptions for "UNESWatchWidgets" folder in "UNESWatchWidgets" target */,
			);
			path = UNESWatchWidgets;
			sourceTree = "<group>";
		};
		CAFECAFE0000000000000008 /* UNESWidgets */ = {
			isa = PBXFileSystemSynchronizedRootGroup;
			exceptions = (
				CAFECAFE0000000000000009 /* Exceptions for "UNESWidgets" folder in "UNESWidgets" target */,
			);
			path = UNESWidgets;
			sourceTree = "<group>";
		};
/* End PBXFileSystemSynchronizedRootGroup section */

/* Begin PBXFrameworksBuildPhase section */
		6CF5E0F82FF5A43F00953BC4 /* Frameworks */ = {
			isa = PBXFrameworksBuildPhase;
			buildActionMask = 2147483647;
			files = (
				CAFEFB0000000000000000A2 /* FirebaseCore in Frameworks */,
				CAFEFB0000000000000000A4 /* FirebaseCrashlytics in Frameworks */,
				CAFEFB0000000000000000A6 /* FirebaseMessaging in Frameworks */,
				CAFEFB0000000000000000AA /* FirebaseRemoteConfig in Frameworks */,
				CAFECAFE0000000000000003 /* UNESKit in Frameworks */,
			);
			runOnlyForDeploymentPostprocessing = 0;
		};
		CAFEAA000000000000000007 /* Frameworks */ = {
			isa = PBXFrameworksBuildPhase;
			buildActionMask = 2147483647;
			files = (
				CAFEAA000000000000000027 /* FirebaseCore in Frameworks */,
				CAFEAA000000000000000029 /* FirebaseCrashlytics in Frameworks */,
				CAFEAA000000000000000002 /* UNESKit in Frameworks */,
			);
			runOnlyForDeploymentPostprocessing = 0;
		};
		CAFEAA000000000000000017 /* Frameworks */ = {
			isa = PBXFrameworksBuildPhase;
			buildActionMask = 2147483647;
			files = (
				CAFEAA000000000000000012 /* UNESKit in Frameworks */,
			);
			runOnlyForDeploymentPostprocessing = 0;
		};
		CAFECAFE000000000000000C /* Frameworks */ = {
			isa = PBXFrameworksBuildPhase;
			buildActionMask = 2147483647;
			files = (
				CAFECAFE0000000000000006 /* UNESKit in Frameworks */,
			);
			runOnlyForDeploymentPostprocessing = 0;
		};
/* End PBXFrameworksBuildPhase section */

/* Begin PBXGroup section */
		6CF5E0F22FF5A43F00953BC4 = {
			isa = PBXGroup;
			children = (
				6CF5E0FD2FF5A43F00953BC4 /* UNES */,
				CAFECAFE0000000000000008 /* UNESWidgets */,
				CAFEAA000000000000000004 /* UNESWatch */,
				CAFEAA000000000000000014 /* UNESWatchWidgets */,
				CAFECAFE0000000000000004 /* UNESKit */,
				6CF5E0FC2FF5A43F00953BC4 /* Products */,
			);
			sourceTree = "<group>";
		};
		6CF5E0FC2FF5A43F00953BC4 /* Products */ = {
			isa = PBXGroup;
			children = (
				6CF5E0FB2FF5A43F00953BC4 /* UNES.app */,
				CAFECAFE0000000000000007 /* UNESWidgets.appex */,
				CAFEAA000000000000000003 /* UNESWatch.app */,
				CAFEAA000000000000000013 /* UNESWatchWidgets.appex */,
			);
			name = Products;
			sourceTree = "<group>";
		};
/* End PBXGroup section */

/* Begin PBXNativeTarget section */
		6CF5E0FA2FF5A43F00953BC4 /* UNES */ = {
			isa = PBXNativeTarget;
			buildConfigurationList = 6CF5E1062FF5A44000953BC4 /* Build configuration list for PBXNativeTarget "UNES" */;
			buildPhases = (
				6CF5E0F72FF5A43F00953BC4 /* Sources */,
				6CF5E0F82FF5A43F00953BC4 /* Frameworks */,
				6CF5E0F92FF5A43F00953BC4 /* Resources */,
				CAFECAFE0000000000000013 /* Embed Foundation Extensions */,
				CAFEAA000000000000000024 /* Embed Watch Content */,
				CAFEFB0000000000000000A7 /* Upload Symbols (Firebase Crashlytics) */,
			);
			buildRules = (
			);
			dependencies = (
				CAFECAFE0000000000000012 /* PBXTargetDependency */,
				CAFEAA000000000000000022 /* PBXTargetDependency */,
			);
			fileSystemSynchronizedGroups = (
				6CF5E0FD2FF5A43F00953BC4 /* UNES */,
			);
			name = UNES;
			packageProductDependencies = (
				CAFECAFE0000000000000002 /* UNESKit */,
				CAFEFB0000000000000000A1 /* FirebaseCore */,
				CAFEFB0000000000000000A3 /* FirebaseCrashlytics */,
				CAFEFB0000000000000000A5 /* FirebaseMessaging */,
				CAFEFB0000000000000000A9 /* FirebaseRemoteConfig */,
			);
			productName = UNES;
			productReference = 6CF5E0FB2FF5A43F00953BC4 /* UNES.app */;
			productType = "com.apple.product-type.application";
		};
		CAFEAA00000000000000000C /* UNESWatch */ = {
			isa = PBXNativeTarget;
			buildConfigurationList = CAFEAA000000000000000009 /* Build configuration list for PBXNativeTarget "UNESWatch" */;
			buildPhases = (
				CAFEAA000000000000000006 /* Sources */,
				CAFEAA000000000000000007 /* Frameworks */,
				CAFEAA000000000000000008 /* Resources */,
				CAFEAA000000000000000020 /* Embed Foundation Extensions */,
				CAFEAA00000000000000002A /* Upload Symbols (Firebase Crashlytics) */,
			);
			buildRules = (
			);
			dependencies = (
				CAFEAA00000000000000001E /* PBXTargetDependency */,
			);
			fileSystemSynchronizedGroups = (
				CAFEAA000000000000000004 /* UNESWatch */,
			);
			name = UNESWatch;
			packageProductDependencies = (
				CAFEAA000000000000000001 /* UNESKit */,
				CAFEAA000000000000000026 /* FirebaseCore */,
				CAFEAA000000000000000028 /* FirebaseCrashlytics */,
			);
			productName = UNESWatch;
			productReference = CAFEAA000000000000000003 /* UNESWatch.app */;
			productType = "com.apple.product-type.application";
		};
		CAFEAA00000000000000001C /* UNESWatchWidgets */ = {
			isa = PBXNativeTarget;
			buildConfigurationList = CAFEAA000000000000000019 /* Build configuration list for PBXNativeTarget "UNESWatchWidgets" */;
			buildPhases = (
				CAFEAA000000000000000016 /* Sources */,
				CAFEAA000000000000000017 /* Frameworks */,
				CAFEAA000000000000000018 /* Resources */,
			);
			buildRules = (
			);
			dependencies = (
			);
			fileSystemSynchronizedGroups = (
				CAFEAA000000000000000014 /* UNESWatchWidgets */,
			);
			name = UNESWatchWidgets;
			packageProductDependencies = (
				CAFEAA000000000000000011 /* UNESKit */,
			);
			productName = UNESWatchWidgets;
			productReference = CAFEAA000000000000000013 /* UNESWatchWidgets.appex */;
			productType = "com.apple.product-type.app-extension";
		};
		CAFECAFE000000000000000A /* UNESWidgets */ = {
			isa = PBXNativeTarget;
			buildConfigurationList = CAFECAFE000000000000000E /* Build configuration list for PBXNativeTarget "UNESWidgets" */;
			buildPhases = (
				CAFECAFE000000000000000B /* Sources */,
				CAFECAFE000000000000000C /* Frameworks */,
				CAFECAFE000000000000000D /* Resources */,
			);
			buildRules = (
			);
			dependencies = (
			);
			fileSystemSynchronizedGroups = (
				CAFECAFE0000000000000008 /* UNESWidgets */,
			);
			name = UNESWidgets;
			packageProductDependencies = (
				CAFECAFE0000000000000005 /* UNESKit */,
			);
			productName = UNESWidgets;
			productReference = CAFECAFE0000000000000007 /* UNESWidgets.appex */;
			productType = "com.apple.product-type.app-extension";
		};
/* End PBXNativeTarget section */

/* Begin PBXProject section */
		6CF5E0F32FF5A43F00953BC4 /* Project object */ = {
			isa = PBXProject;
			attributes = {
				BuildIndependentTargetsInParallel = 1;
				LastSwiftUpdateCheck = 2660;
				LastUpgradeCheck = 2660;
				TargetAttributes = {
					6CF5E0FA2FF5A43F00953BC4 = {
						CreatedOnToolsVersion = 26.6;
					};
				};
			};
			buildConfigurationList = 6CF5E0F62FF5A43F00953BC4 /* Build configuration list for PBXProject "UNES" */;
			developmentRegion = "pt-BR";
			hasScannedForEncodings = 0;
			knownRegions = (
				en,
				Base,
				"pt-BR",
			);
			mainGroup = 6CF5E0F22FF5A43F00953BC4;
			minimizedProjectReferenceProxies = 1;
			packageReferences = (
				CAFECAFE0000000000000001 /* XCLocalSwiftPackageReference "UNESKit" */,
				CAFEFB0000000000000000A0 /* XCRemoteSwiftPackageReference "firebase-ios-sdk" */,
			);
			preferredProjectObjectVersion = 77;
			productRefGroup = 6CF5E0FC2FF5A43F00953BC4 /* Products */;
			projectDirPath = "";
			projectRoot = "";
			targets = (
				6CF5E0FA2FF5A43F00953BC4 /* UNES */,
				CAFECAFE000000000000000A /* UNESWidgets */,
				CAFEAA00000000000000000C /* UNESWatch */,
				CAFEAA00000000000000001C /* UNESWatchWidgets */,
			);
		};
/* End PBXProject section */

/* Begin PBXResourcesBuildPhase section */
		6CF5E0F92FF5A43F00953BC4 /* Resources */ = {
			isa = PBXResourcesBuildPhase;
			buildActionMask = 2147483647;
			files = (
			);
			runOnlyForDeploymentPostprocessing = 0;
		};
		CAFEAA000000000000000008 /* Resources */ = {
			isa = PBXResourcesBuildPhase;
			buildActionMask = 2147483647;
			files = (
			);
			runOnlyForDeploymentPostprocessing = 0;
		};
		CAFEAA000000000000000018 /* Resources */ = {
			isa = PBXResourcesBuildPhase;
			buildActionMask = 2147483647;
			files = (
			);
			runOnlyForDeploymentPostprocessing = 0;
		};
		CAFECAFE000000000000000D /* Resources */ = {
			isa = PBXResourcesBuildPhase;
			buildActionMask = 2147483647;
			files = (
			);
			runOnlyForDeploymentPostprocessing = 0;
		};
/* End PBXResourcesBuildPhase section */

/* Begin PBXShellScriptBuildPhase section */
		CAFEAA00000000000000002A /* Upload Symbols (Firebase Crashlytics) */ = {
			isa = PBXShellScriptBuildPhase;
			alwaysOutOfDate = 1;
			buildActionMask = 2147483647;
			files = (
			);
			inputFileListPaths = (
			);
			inputPaths = (
				"${DWARF_DSYM_FOLDER_PATH}/${DWARF_DSYM_FILE_NAME}/Contents/Resources/DWARF/${TARGET_NAME}",
				"$(SRCROOT)/$(BUILT_PRODUCTS_DIR)/$(INFOPLIST_PATH)",
			);
			name = "Upload Symbols (Firebase Crashlytics)";
			outputFileListPaths = (
			);
			outputPaths = (
			);
			runOnlyForDeploymentPostprocessing = 0;
			shellPath = /bin/sh;
			shellScript = "\"${BUILD_DIR%/Build/*}/SourcePackages/checkouts/firebase-ios-sdk/Crashlytics/run\"\n";
		};
		CAFEFB0000000000000000A7 /* Upload Symbols (Firebase Crashlytics) */ = {
			isa = PBXShellScriptBuildPhase;
			alwaysOutOfDate = 1;
			buildActionMask = 2147483647;
			files = (
			);
			inputFileListPaths = (
			);
			inputPaths = (
				"${DWARF_DSYM_FOLDER_PATH}/${DWARF_DSYM_FILE_NAME}/Contents/Resources/DWARF/${TARGET_NAME}",
				"$(SRCROOT)/$(BUILT_PRODUCTS_DIR)/$(INFOPLIST_PATH)",
			);
			name = "Upload Symbols (Firebase Crashlytics)";
			outputFileListPaths = (
			);
			outputPaths = (
			);
			runOnlyForDeploymentPostprocessing = 0;
			shellPath = /bin/sh;
			shellScript = "\"${BUILD_DIR%/Build/*}/SourcePackages/checkouts/firebase-ios-sdk/Crashlytics/run\"\n";
		};
/* End PBXShellScriptBuildPhase section */

/* Begin PBXSourcesBuildPhase section */
		6CF5E0F72FF5A43F00953BC4 /* Sources */ = {
			isa = PBXSourcesBuildPhase;
			buildActionMask = 2147483647;
			files = (
			);
			runOnlyForDeploymentPostprocessing = 0;
		};
		CAFEAA000000000000000006 /* Sources */ = {
			isa = PBXSourcesBuildPhase;
			buildActionMask = 2147483647;
			files = (
			);
			runOnlyForDeploymentPostprocessing = 0;
		};
		CAFEAA000000000000000016 /* Sources */ = {
			isa = PBXSourcesBuildPhase;
			buildActionMask = 2147483647;
			files = (
			);
			runOnlyForDeploymentPostprocessing = 0;
		};
		CAFECAFE000000000000000B /* Sources */ = {
			isa = PBXSourcesBuildPhase;
			buildActionMask = 2147483647;
			files = (
			);
			runOnlyForDeploymentPostprocessing = 0;
		};
/* End PBXSourcesBuildPhase section */

/* Begin PBXTargetDependency section */
		CAFEAA00000000000000001E /* PBXTargetDependency */ = {
			isa = PBXTargetDependency;
			target = CAFEAA00000000000000001C /* UNESWatchWidgets */;
			targetProxy = CAFEAA00000000000000001D /* PBXContainerItemProxy */;
		};
		CAFEAA000000000000000022 /* PBXTargetDependency */ = {
			isa = PBXTargetDependency;
			target = CAFEAA00000000000000000C /* UNESWatch */;
			targetProxy = CAFEAA000000000000000021 /* PBXContainerItemProxy */;
		};
		CAFECAFE0000000000000012 /* PBXTargetDependency */ = {
			isa = PBXTargetDependency;
			target = CAFECAFE000000000000000A /* UNESWidgets */;
			targetProxy = CAFECAFE0000000000000011 /* PBXContainerItemProxy */;
		};
/* End PBXTargetDependency section */

/* Begin XCBuildConfiguration section */
		6CF5E1042FF5A44000953BC4 /* Debug */ = {
			isa = XCBuildConfiguration;
			buildSettings = {
				ALWAYS_SEARCH_USER_PATHS = NO;
				ASSETCATALOG_COMPILER_GENERATE_SWIFT_ASSET_SYMBOL_EXTENSIONS = YES;
				CLANG_ANALYZER_NONNULL = YES;
				CLANG_ANALYZER_NUMBER_OBJECT_CONVERSION = YES_AGGRESSIVE;
				CLANG_CXX_LANGUAGE_STANDARD = "gnu++20";
				CLANG_ENABLE_MODULES = YES;
				CLANG_ENABLE_OBJC_ARC = YES;
				CLANG_ENABLE_OBJC_WEAK = YES;
				CLANG_WARN_BLOCK_CAPTURE_AUTORELEASING = YES;
				CLANG_WARN_BOOL_CONVERSION = YES;
				CLANG_WARN_COMMA = YES;
				CLANG_WARN_CONSTANT_CONVERSION = YES;
				CLANG_WARN_DEPRECATED_OBJC_IMPLEMENTATIONS = YES;
				CLANG_WARN_DIRECT_OBJC_ISA_USAGE = YES_ERROR;
				CLANG_WARN_DOCUMENTATION_COMMENTS = YES;
				CLANG_WARN_EMPTY_BODY = YES;
				CLANG_WARN_ENUM_CONVERSION = YES;
				CLANG_WARN_INFINITE_RECURSION = YES;
				CLANG_WARN_INT_CONVERSION = YES;
				CLANG_WARN_NON_LITERAL_NULL_CONVERSION = YES;
				CLANG_WARN_OBJC_IMPLICIT_RETAIN_SELF = YES;
				CLANG_WARN_OBJC_LITERAL_CONVERSION = YES;
				CLANG_WARN_OBJC_ROOT_CLASS = YES_ERROR;
				CLANG_WARN_QUOTED_INCLUDE_IN_FRAMEWORK_HEADER = YES;
				CLANG_WARN_RANGE_LOOP_ANALYSIS = YES;
				CLANG_WARN_STRICT_PROTOTYPES = YES;
				CLANG_WARN_SUSPICIOUS_MOVE = YES;
				CLANG_WARN_UNGUARDED_AVAILABILITY = YES_AGGRESSIVE;
				CLANG_WARN_UNREACHABLE_CODE = YES;
				CLANG_WARN__DUPLICATE_METHOD_MATCH = YES;
				COPY_PHASE_STRIP = NO;
				DEBUG_INFORMATION_FORMAT = "dwarf-with-dsym";
				DEVELOPMENT_TEAM = 5GH6Q6KS69;
				ENABLE_STRICT_OBJC_MSGSEND = YES;
				ENABLE_TESTABILITY = YES;
				ENABLE_USER_SCRIPT_SANDBOXING = YES;
				GCC_C_LANGUAGE_STANDARD = gnu17;
				GCC_DYNAMIC_NO_PIC = NO;
				GCC_NO_COMMON_BLOCKS = YES;
				GCC_OPTIMIZATION_LEVEL = 0;
				GCC_PREPROCESSOR_DEFINITIONS = (
					"DEBUG=1",
					"$(inherited)",
				);
				GCC_WARN_64_TO_32_BIT_CONVERSION = YES;
				GCC_WARN_ABOUT_RETURN_TYPE = YES_ERROR;
				GCC_WARN_UNDECLARED_SELECTOR = YES;
				GCC_WARN_UNINITIALIZED_AUTOS = YES_AGGRESSIVE;
				GCC_WARN_UNUSED_FUNCTION = YES;
				GCC_WARN_UNUSED_VARIABLE = YES;
				IPHONEOS_DEPLOYMENT_TARGET = 26.5;
				LOCALIZATION_PREFERS_STRING_CATALOGS = YES;
				MTL_ENABLE_DEBUG_INFO = INCLUDE_SOURCE;
				MTL_FAST_MATH = YES;
				ONLY_ACTIVE_ARCH = YES;
				SDKROOT = iphoneos;
				SWIFT_ACTIVE_COMPILATION_CONDITIONS = "DEBUG $(inherited)";
				SWIFT_OPTIMIZATION_LEVEL = "-Onone";
			};
			name = Debug;
		};
		6CF5E1052FF5A44000953BC4 /* Release */ = {
			isa = XCBuildConfiguration;
			buildSettings = {
				ALWAYS_SEARCH_USER_PATHS = NO;
				ASSETCATALOG_COMPILER_GENERATE_SWIFT_ASSET_SYMBOL_EXTENSIONS = YES;
				CLANG_ANALYZER_NONNULL = YES;
				CLANG_ANALYZER_NUMBER_OBJECT_CONVERSION = YES_AGGRESSIVE;
				CLANG_CXX_LANGUAGE_STANDARD = "gnu++20";
				CLANG_ENABLE_MODULES = YES;
				CLANG_ENABLE_OBJC_ARC = YES;
				CLANG_ENABLE_OBJC_WEAK = YES;
				CLANG_WARN_BLOCK_CAPTURE_AUTORELEASING = YES;
				CLANG_WARN_BOOL_CONVERSION = YES;
				CLANG_WARN_COMMA = YES;
				CLANG_WARN_CONSTANT_CONVERSION = YES;
				CLANG_WARN_DEPRECATED_OBJC_IMPLEMENTATIONS = YES;
				CLANG_WARN_DIRECT_OBJC_ISA_USAGE = YES_ERROR;
				CLANG_WARN_DOCUMENTATION_COMMENTS = YES;
				CLANG_WARN_EMPTY_BODY = YES;
				CLANG_WARN_ENUM_CONVERSION = YES;
				CLANG_WARN_INFINITE_RECURSION = YES;
				CLANG_WARN_INT_CONVERSION = YES;
				CLANG_WARN_NON_LITERAL_NULL_CONVERSION = YES;
				CLANG_WARN_OBJC_IMPLICIT_RETAIN_SELF = YES;
				CLANG_WARN_OBJC_LITERAL_CONVERSION = YES;
				CLANG_WARN_OBJC_ROOT_CLASS = YES_ERROR;
				CLANG_WARN_QUOTED_INCLUDE_IN_FRAMEWORK_HEADER = YES;
				CLANG_WARN_RANGE_LOOP_ANALYSIS = YES;
				CLANG_WARN_STRICT_PROTOTYPES = YES;
				CLANG_WARN_SUSPICIOUS_MOVE = YES;
				CLANG_WARN_UNGUARDED_AVAILABILITY = YES_AGGRESSIVE;
				CLANG_WARN_UNREACHABLE_CODE = YES;
				CLANG_WARN__DUPLICATE_METHOD_MATCH = YES;
				COPY_PHASE_STRIP = NO;
				DEBUG_INFORMATION_FORMAT = "dwarf-with-dsym";
				DEVELOPMENT_TEAM = 5GH6Q6KS69;
				ENABLE_NS_ASSERTIONS = NO;
				ENABLE_STRICT_OBJC_MSGSEND = YES;
				ENABLE_USER_SCRIPT_SANDBOXING = YES;
				GCC_C_LANGUAGE_STANDARD = gnu17;
				GCC_NO_COMMON_BLOCKS = YES;
				GCC_WARN_64_TO_32_BIT_CONVERSION = YES;
				GCC_WARN_ABOUT_RETURN_TYPE = YES_ERROR;
				GCC_WARN_UNDECLARED_SELECTOR = YES;
				GCC_WARN_UNINITIALIZED_AUTOS = YES_AGGRESSIVE;
				GCC_WARN_UNUSED_FUNCTION = YES;
				GCC_WARN_UNUSED_VARIABLE = YES;
				IPHONEOS_DEPLOYMENT_TARGET = 26.5;
				LOCALIZATION_PREFERS_STRING_CATALOGS = YES;
				MTL_ENABLE_DEBUG_INFO = NO;
				MTL_FAST_MATH = YES;
				SDKROOT = iphoneos;
				SWIFT_COMPILATION_MODE = wholemodule;
				VALIDATE_PRODUCT = YES;
			};
			name = Release;
		};
		6CF5E1072FF5A44000953BC4 /* Debug */ = {
			isa = XCBuildConfiguration;
			buildSettings = {
				ASSETCATALOG_COMPILER_ALTERNATE_APPICON_NAMES = "BaseSans NowShip Ocean Paper Stripped";
				ASSETCATALOG_COMPILER_APPICON_NAME = Aurora;
				ASSETCATALOG_COMPILER_GLOBAL_ACCENT_COLOR_NAME = AccentColor;
				CODE_SIGN_ENTITLEMENTS = UNES/UNES.entitlements;
				CODE_SIGN_STYLE = Automatic;
				CURRENT_PROJECT_VERSION = 1;
				DEVELOPMENT_TEAM = 5GH6Q6KS69;
				ENABLE_PREVIEWS = YES;
				ENABLE_USER_SCRIPT_SANDBOXING = NO;
				GENERATE_INFOPLIST_FILE = YES;
				INFOPLIST_FILE = UNES/Info.plist;
				INFOPLIST_KEY_LSApplicationCategoryType = "public.app-category.productivity";
				INFOPLIST_KEY_NSCameraUsageDescription = "A câmera digitaliza suas folhas de material de estudo para envio em PDF.";
				INFOPLIST_KEY_NSFaceIDUsageDescription = "O Face ID confirma que é você antes de mostrar a senha guardada.";
				INFOPLIST_KEY_UIApplicationSceneManifest_Generation = YES;
				INFOPLIST_KEY_UIApplicationSupportsIndirectInputEvents = YES;
				INFOPLIST_KEY_UILaunchScreen_Generation = YES;
				INFOPLIST_KEY_UISupportedInterfaceOrientations_iPad = "UIInterfaceOrientationPortrait UIInterfaceOrientationPortraitUpsideDown UIInterfaceOrientationLandscapeLeft UIInterfaceOrientationLandscapeRight";
				INFOPLIST_KEY_UISupportedInterfaceOrientations_iPhone = "UIInterfaceOrientationPortrait UIInterfaceOrientationLandscapeLeft UIInterfaceOrientationLandscapeRight";
				IPHONEOS_DEPLOYMENT_TARGET = 18.6;
				LD_RUNPATH_SEARCH_PATHS = (
					"$(inherited)",
					"@executable_path/Frameworks",
				);
				MARKETING_VERSION = 1.0.0;
				PRODUCT_BUNDLE_IDENTIFIER = dev.forcetower.unes.ios;
				PRODUCT_NAME = "$(TARGET_NAME)";
				STRING_CATALOG_GENERATE_SYMBOLS = YES;
				SWIFT_APPROACHABLE_CONCURRENCY = YES;
				SWIFT_DEFAULT_ACTOR_ISOLATION = MainActor;
				SWIFT_EMIT_LOC_STRINGS = YES;
				SWIFT_STRICT_CONCURRENCY = complete;
				SWIFT_UPCOMING_FEATURE_MEMBER_IMPORT_VISIBILITY = YES;
				SWIFT_VERSION = 6.0;
				TARGETED_DEVICE_FAMILY = "1,2";
			};
			name = Debug;
		};
		6CF5E1082FF5A44000953BC4 /* Release */ = {
			isa = XCBuildConfiguration;
			buildSettings = {
				ASSETCATALOG_COMPILER_ALTERNATE_APPICON_NAMES = "BaseSans NowShip Ocean Paper Stripped";
				ASSETCATALOG_COMPILER_APPICON_NAME = Aurora;
				ASSETCATALOG_COMPILER_GLOBAL_ACCENT_COLOR_NAME = AccentColor;
				CODE_SIGN_ENTITLEMENTS = UNES/UNES.entitlements;
				CODE_SIGN_STYLE = Automatic;
				CURRENT_PROJECT_VERSION = 1;
				DEVELOPMENT_TEAM = 5GH6Q6KS69;
				ENABLE_PREVIEWS = YES;
				ENABLE_USER_SCRIPT_SANDBOXING = NO;
				GENERATE_INFOPLIST_FILE = YES;
				INFOPLIST_FILE = UNES/Info.plist;
				INFOPLIST_KEY_LSApplicationCategoryType = "public.app-category.productivity";
				INFOPLIST_KEY_NSCameraUsageDescription = "A câmera digitaliza suas folhas de material de estudo para envio em PDF.";
				INFOPLIST_KEY_NSFaceIDUsageDescription = "O Face ID confirma que é você antes de mostrar a senha guardada.";
				INFOPLIST_KEY_UIApplicationSceneManifest_Generation = YES;
				INFOPLIST_KEY_UIApplicationSupportsIndirectInputEvents = YES;
				INFOPLIST_KEY_UILaunchScreen_Generation = YES;
				INFOPLIST_KEY_UISupportedInterfaceOrientations_iPad = "UIInterfaceOrientationPortrait UIInterfaceOrientationPortraitUpsideDown UIInterfaceOrientationLandscapeLeft UIInterfaceOrientationLandscapeRight";
				INFOPLIST_KEY_UISupportedInterfaceOrientations_iPhone = "UIInterfaceOrientationPortrait UIInterfaceOrientationLandscapeLeft UIInterfaceOrientationLandscapeRight";
				IPHONEOS_DEPLOYMENT_TARGET = 18.6;
				LD_RUNPATH_SEARCH_PATHS = (
					"$(inherited)",
					"@executable_path/Frameworks",
				);
				MARKETING_VERSION = 1.0.0;
				PRODUCT_BUNDLE_IDENTIFIER = dev.forcetower.unes.ios;
				PRODUCT_NAME = "$(TARGET_NAME)";
				STRING_CATALOG_GENERATE_SYMBOLS = YES;
				SWIFT_APPROACHABLE_CONCURRENCY = YES;
				SWIFT_DEFAULT_ACTOR_ISOLATION = MainActor;
				SWIFT_EMIT_LOC_STRINGS = YES;
				SWIFT_STRICT_CONCURRENCY = complete;
				SWIFT_UPCOMING_FEATURE_MEMBER_IMPORT_VISIBILITY = YES;
				SWIFT_VERSION = 6.0;
				TARGETED_DEVICE_FAMILY = "1,2";
			};
			name = Release;
		};
		CAFEAA00000000000000000A /* Debug */ = {
			isa = XCBuildConfiguration;
			buildSettings = {
				ASSETCATALOG_COMPILER_APPICON_NAME = Aurora;
				ASSETCATALOG_COMPILER_GLOBAL_ACCENT_COLOR_NAME = AccentColor;
				CODE_SIGN_ENTITLEMENTS = UNESWatch/UNESWatch.entitlements;
				CODE_SIGN_STYLE = Automatic;
				CURRENT_PROJECT_VERSION = 1;
				DEVELOPMENT_TEAM = 5GH6Q6KS69;
				ENABLE_PREVIEWS = YES;
				ENABLE_USER_SCRIPT_SANDBOXING = NO;
				GENERATE_INFOPLIST_FILE = YES;
				INFOPLIST_FILE = UNESWatch/Info.plist;
				INFOPLIST_KEY_CFBundleDisplayName = UNES;
				LD_RUNPATH_SEARCH_PATHS = (
					"$(inherited)",
					"@executable_path/Frameworks",
				);
				MARKETING_VERSION = 1.0.0;
				PRODUCT_BUNDLE_IDENTIFIER = dev.forcetower.unes.ios.watchkitapp;
				PRODUCT_NAME = "$(TARGET_NAME)";
				SDKROOT = watchos;
				SKIP_INSTALL = YES;
				SWIFT_APPROACHABLE_CONCURRENCY = YES;
				SWIFT_DEFAULT_ACTOR_ISOLATION = MainActor;
				SWIFT_EMIT_LOC_STRINGS = YES;
				SWIFT_STRICT_CONCURRENCY = complete;
				SWIFT_UPCOMING_FEATURE_MEMBER_IMPORT_VISIBILITY = YES;
				SWIFT_VERSION = 6.0;
				TARGETED_DEVICE_FAMILY = 4;
				WATCHOS_DEPLOYMENT_TARGET = 11.0;
			};
			name = Debug;
		};
		CAFEAA00000000000000000B /* Release */ = {
			isa = XCBuildConfiguration;
			buildSettings = {
				ASSETCATALOG_COMPILER_APPICON_NAME = Aurora;
				ASSETCATALOG_COMPILER_GLOBAL_ACCENT_COLOR_NAME = AccentColor;
				CODE_SIGN_ENTITLEMENTS = UNESWatch/UNESWatch.entitlements;
				CODE_SIGN_STYLE = Automatic;
				CURRENT_PROJECT_VERSION = 1;
				DEVELOPMENT_TEAM = 5GH6Q6KS69;
				ENABLE_PREVIEWS = YES;
				ENABLE_USER_SCRIPT_SANDBOXING = NO;
				GENERATE_INFOPLIST_FILE = YES;
				INFOPLIST_FILE = UNESWatch/Info.plist;
				INFOPLIST_KEY_CFBundleDisplayName = UNES;
				LD_RUNPATH_SEARCH_PATHS = (
					"$(inherited)",
					"@executable_path/Frameworks",
				);
				MARKETING_VERSION = 1.0.0;
				PRODUCT_BUNDLE_IDENTIFIER = dev.forcetower.unes.ios.watchkitapp;
				PRODUCT_NAME = "$(TARGET_NAME)";
				SDKROOT = watchos;
				SKIP_INSTALL = YES;
				SWIFT_APPROACHABLE_CONCURRENCY = YES;
				SWIFT_DEFAULT_ACTOR_ISOLATION = MainActor;
				SWIFT_EMIT_LOC_STRINGS = YES;
				SWIFT_STRICT_CONCURRENCY = complete;
				SWIFT_UPCOMING_FEATURE_MEMBER_IMPORT_VISIBILITY = YES;
				SWIFT_VERSION = 6.0;
				TARGETED_DEVICE_FAMILY = 4;
				WATCHOS_DEPLOYMENT_TARGET = 11.0;
			};
			name = Release;
		};
		CAFEAA00000000000000001A /* Debug */ = {
			isa = XCBuildConfiguration;
			buildSettings = {
				CODE_SIGN_ENTITLEMENTS = UNESWatchWidgets/UNESWatchWidgets.entitlements;
				CODE_SIGN_STYLE = Automatic;
				CURRENT_PROJECT_VERSION = 1;
				DEVELOPMENT_TEAM = 5GH6Q6KS69;
				GENERATE_INFOPLIST_FILE = YES;
				INFOPLIST_FILE = UNESWatchWidgets/Info.plist;
				INFOPLIST_KEY_CFBundleDisplayName = UNES;
				LD_RUNPATH_SEARCH_PATHS = (
					"$(inherited)",
					"@executable_path/Frameworks",
					"@executable_path/../../Frameworks",
				);
				MARKETING_VERSION = 1.0.0;
				PRODUCT_BUNDLE_IDENTIFIER = dev.forcetower.unes.ios.watchkitapp.widgets;
				PRODUCT_NAME = "$(TARGET_NAME)";
				SDKROOT = watchos;
				SKIP_INSTALL = YES;
				SWIFT_APPROACHABLE_CONCURRENCY = YES;
				SWIFT_DEFAULT_ACTOR_ISOLATION = MainActor;
				SWIFT_EMIT_LOC_STRINGS = YES;
				SWIFT_STRICT_CONCURRENCY = complete;
				SWIFT_UPCOMING_FEATURE_MEMBER_IMPORT_VISIBILITY = YES;
				SWIFT_VERSION = 6.0;
				TARGETED_DEVICE_FAMILY = 4;
				WATCHOS_DEPLOYMENT_TARGET = 11.0;
			};
			name = Debug;
		};
		CAFEAA00000000000000001B /* Release */ = {
			isa = XCBuildConfiguration;
			buildSettings = {
				CODE_SIGN_ENTITLEMENTS = UNESWatchWidgets/UNESWatchWidgets.entitlements;
				CODE_SIGN_STYLE = Automatic;
				CURRENT_PROJECT_VERSION = 1;
				DEVELOPMENT_TEAM = 5GH6Q6KS69;
				GENERATE_INFOPLIST_FILE = YES;
				INFOPLIST_FILE = UNESWatchWidgets/Info.plist;
				INFOPLIST_KEY_CFBundleDisplayName = UNES;
				LD_RUNPATH_SEARCH_PATHS = (
					"$(inherited)",
					"@executable_path/Frameworks",
					"@executable_path/../../Frameworks",
				);
				MARKETING_VERSION = 1.0.0;
				PRODUCT_BUNDLE_IDENTIFIER = dev.forcetower.unes.ios.watchkitapp.widgets;
				PRODUCT_NAME = "$(TARGET_NAME)";
				SDKROOT = watchos;
				SKIP_INSTALL = YES;
				SWIFT_APPROACHABLE_CONCURRENCY = YES;
				SWIFT_DEFAULT_ACTOR_ISOLATION = MainActor;
				SWIFT_EMIT_LOC_STRINGS = YES;
				SWIFT_STRICT_CONCURRENCY = complete;
				SWIFT_UPCOMING_FEATURE_MEMBER_IMPORT_VISIBILITY = YES;
				SWIFT_VERSION = 6.0;
				TARGETED_DEVICE_FAMILY = 4;
				WATCHOS_DEPLOYMENT_TARGET = 11.0;
			};
			name = Release;
		};
		CAFECAFE000000000000000F /* Debug */ = {
			isa = XCBuildConfiguration;
			buildSettings = {
				CODE_SIGN_ENTITLEMENTS = UNESWidgets/UNESWidgets.entitlements;
				CODE_SIGN_STYLE = Automatic;
				CURRENT_PROJECT_VERSION = 1;
				DEVELOPMENT_TEAM = 5GH6Q6KS69;
				GENERATE_INFOPLIST_FILE = YES;
				INFOPLIST_FILE = UNESWidgets/Info.plist;
				INFOPLIST_KEY_CFBundleDisplayName = UNES;
				IPHONEOS_DEPLOYMENT_TARGET = 18.6;
				LD_RUNPATH_SEARCH_PATHS = (
					"$(inherited)",
					"@executable_path/Frameworks",
					"@executable_path/../../Frameworks",
				);
				MARKETING_VERSION = 1.0.0;
				PRODUCT_BUNDLE_IDENTIFIER = dev.forcetower.unes.ios.widgets;
				PRODUCT_NAME = "$(TARGET_NAME)";
				SKIP_INSTALL = YES;
				SWIFT_APPROACHABLE_CONCURRENCY = YES;
				SWIFT_DEFAULT_ACTOR_ISOLATION = MainActor;
				SWIFT_EMIT_LOC_STRINGS = YES;
				SWIFT_STRICT_CONCURRENCY = complete;
				SWIFT_UPCOMING_FEATURE_MEMBER_IMPORT_VISIBILITY = YES;
				SWIFT_VERSION = 6.0;
				TARGETED_DEVICE_FAMILY = "1,2";
			};
			name = Debug;
		};
		CAFECAFE0000000000000010 /* Release */ = {
			isa = XCBuildConfiguration;
			buildSettings = {
				CODE_SIGN_ENTITLEMENTS = UNESWidgets/UNESWidgets.entitlements;
				CODE_SIGN_STYLE = Automatic;
				CURRENT_PROJECT_VERSION = 1;
				DEVELOPMENT_TEAM = 5GH6Q6KS69;
				GENERATE_INFOPLIST_FILE = YES;
				INFOPLIST_FILE = UNESWidgets/Info.plist;
				INFOPLIST_KEY_CFBundleDisplayName = UNES;
				IPHONEOS_DEPLOYMENT_TARGET = 18.6;
				LD_RUNPATH_SEARCH_PATHS = (
					"$(inherited)",
					"@executable_path/Frameworks",
					"@executable_path/../../Frameworks",
				);
				MARKETING_VERSION = 1.0.0;
				PRODUCT_BUNDLE_IDENTIFIER = dev.forcetower.unes.ios.widgets;
				PRODUCT_NAME = "$(TARGET_NAME)";
				SKIP_INSTALL = YES;
				SWIFT_APPROACHABLE_CONCURRENCY = YES;
				SWIFT_DEFAULT_ACTOR_ISOLATION = MainActor;
				SWIFT_EMIT_LOC_STRINGS = YES;
				SWIFT_STRICT_CONCURRENCY = complete;
				SWIFT_UPCOMING_FEATURE_MEMBER_IMPORT_VISIBILITY = YES;
				SWIFT_VERSION = 6.0;
				TARGETED_DEVICE_FAMILY = "1,2";
			};
			name = Release;
		};
/* End XCBuildConfiguration section */

/* Begin XCConfigurationList section */
		6CF5E0F62FF5A43F00953BC4 /* Build configuration list for PBXProject "UNES" */ = {
			isa = XCConfigurationList;
			buildConfigurations = (
				6CF5E1042FF5A44000953BC4 /* Debug */,
				6CF5E1052FF5A44000953BC4 /* Release */,
			);
			defaultConfigurationIsVisible = 0;
			defaultConfigurationName = Release;
		};
		6CF5E1062FF5A44000953BC4 /* Build configuration list for PBXNativeTarget "UNES" */ = {
			isa = XCConfigurationList;
			buildConfigurations = (
				6CF5E1072FF5A44000953BC4 /* Debug */,
				6CF5E1082FF5A44000953BC4 /* Release */,
			);
			defaultConfigurationIsVisible = 0;
			defaultConfigurationName = Release;
		};
		CAFEAA000000000000000009 /* Build configuration list for PBXNativeTarget "UNESWatch" */ = {
			isa = XCConfigurationList;
			buildConfigurations = (
				CAFEAA00000000000000000A /* Debug */,
				CAFEAA00000000000000000B /* Release */,
			);
			defaultConfigurationIsVisible = 0;
			defaultConfigurationName = Release;
		};
		CAFEAA000000000000000019 /* Build configuration list for PBXNativeTarget "UNESWatchWidgets" */ = {
			isa = XCConfigurationList;
			buildConfigurations = (
				CAFEAA00000000000000001A /* Debug */,
				CAFEAA00000000000000001B /* Release */,
			);
			defaultConfigurationIsVisible = 0;
			defaultConfigurationName = Release;
		};
		CAFECAFE000000000000000E /* Build configuration list for PBXNativeTarget "UNESWidgets" */ = {
			isa = XCConfigurationList;
			buildConfigurations = (
				CAFECAFE000000000000000F /* Debug */,
				CAFECAFE0000000000000010 /* Release */,
			);
			defaultConfigurationIsVisible = 0;
			defaultConfigurationName = Release;
		};
/* End XCConfigurationList section */

/* Begin XCLocalSwiftPackageReference section */
		CAFECAFE0000000000000001 /* XCLocalSwiftPackageReference "UNESKit" */ = {
			isa = XCLocalSwiftPackageReference;
			relativePath = UNESKit;
		};
/* End XCLocalSwiftPackageReference section */

/* Begin XCRemoteSwiftPackageReference section */
		CAFEFB0000000000000000A0 /* XCRemoteSwiftPackageReference "firebase-ios-sdk" */ = {
			isa = XCRemoteSwiftPackageReference;
			repositoryURL = "https://github.com/firebase/firebase-ios-sdk";
			requirement = {
				kind = upToNextMajorVersion;
				/* 12.16.0 introduced FID registration: messaging(_:didReceiveRegistration:) +
				   FirebaseMessagingInstallationIdEnabled. Older versions compile but never
				   deliver the FID. */
				minimumVersion = 12.16.0;
			};
		};
/* End XCRemoteSwiftPackageReference section */

/* Begin XCSwiftPackageProductDependency section */
		CAFEAA000000000000000001 /* UNESKit */ = {
			isa = XCSwiftPackageProductDependency;
			productName = UNESKit;
		};
		CAFEAA000000000000000011 /* UNESKit */ = {
			isa = XCSwiftPackageProductDependency;
			productName = UNESKit;
		};
		CAFEAA000000000000000026 /* FirebaseCore */ = {
			isa = XCSwiftPackageProductDependency;
			package = CAFEFB0000000000000000A0 /* XCRemoteSwiftPackageReference "firebase-ios-sdk" */;
			productName = FirebaseCore;
		};
		CAFEAA000000000000000028 /* FirebaseCrashlytics */ = {
			isa = XCSwiftPackageProductDependency;
			package = CAFEFB0000000000000000A0 /* XCRemoteSwiftPackageReference "firebase-ios-sdk" */;
			productName = FirebaseCrashlytics;
		};
		CAFECAFE0000000000000002 /* UNESKit */ = {
			isa = XCSwiftPackageProductDependency;
			productName = UNESKit;
		};
		CAFECAFE0000000000000005 /* UNESKit */ = {
			isa = XCSwiftPackageProductDependency;
			productName = UNESKit;
		};
		CAFEFB0000000000000000A1 /* FirebaseCore */ = {
			isa = XCSwiftPackageProductDependency;
			package = CAFEFB0000000000000000A0 /* XCRemoteSwiftPackageReference "firebase-ios-sdk" */;
			productName = FirebaseCore;
		};
		CAFEFB0000000000000000A3 /* FirebaseCrashlytics */ = {
			isa = XCSwiftPackageProductDependency;
			package = CAFEFB0000000000000000A0 /* XCRemoteSwiftPackageReference "firebase-ios-sdk" */;
			productName = FirebaseCrashlytics;
		};
		CAFEFB0000000000000000A5 /* FirebaseMessaging */ = {
			isa = XCSwiftPackageProductDependency;
			package = CAFEFB0000000000000000A0 /* XCRemoteSwiftPackageReference "firebase-ios-sdk" */;
			productName = FirebaseMessaging;
		};
		CAFEFB0000000000000000A9 /* FirebaseRemoteConfig */ = {
			isa = XCSwiftPackageProductDependency;
			package = CAFEFB0000000000000000A0 /* XCRemoteSwiftPackageReference "firebase-ios-sdk" */;
			productName = FirebaseRemoteConfig;
		};
/* End XCSwiftPackageProductDependency section */
	};
	rootObject = 6CF5E0F32FF5A43F00953BC4 /* Project object */;
}
